
Microsoft Visual Studio Solution File, Format Version 12.00
Project("{2150E333-8FDC-42A3-9474-1A3956D46DE8}") = "Src", "Src", "{066712A4-810C-4911-80BE-0A1A0D281441}"
EndProject
Project("{FAE04EC0-301F-11D3-BF4B-00C04F79EFBC}") = "DotNetDifferentialEvolution", "Src\DotNetDifferentialEvolution\DotNetDifferentialEvolution.csproj", "{84AF65A6-F500-4F4D-8933-6C111FEC2784}"
EndProject
Global
	GlobalSection(SolutionConfigurationPlatforms) = preSolution
		Debug|Any CPU = Debug|Any CPU
		Release|Any CPU = Release|Any CPU
	EndGlobalSection
	GlobalSection(NestedProjects) = preSolution
		{84AF65A6-F500-4F4D-8933-6C111FEC2784} = {066712A4-810C-4911-80BE-0A1A0D281441}
	EndGlobalSection
	GlobalSection(ProjectConfigurationPlatforms) = postSolution
		{84AF65A6-F500-4F4D-8933-6C111FEC2784}.Debug|Any CPU.ActiveCfg = Debug|Any CPU
		{84AF65A6-F500-4F4D-8933-6C111FEC2784}.Debug|Any CPU.Build.0 = Debug|Any CPU
		{84AF65A6-F500-4F4D-8933-6C111FEC2784}.Release|Any CPU.ActiveCfg = Release|Any CPU
		{84AF65A6-F500-4F4D-8933-6C111FEC2784}.Release|Any CPU.Build.0 = Release|Any CPU
	EndGlobalSection
EndGlobal
